// !$*UTF8*$!
{
	archiveVersion = 1;
	classes = {
	};
	objectVersion = 56;
	objects = {

/* Begin PBXBuildFile section */
		5B5C7AAA2AA343F900EFD6BB /* HikeApp.swift in Sources */ = {isa = PBXBuildFile; fileRef = 5B5C7AA92AA343F900EFD6BB /* HikeApp.swift */; };
		5B5C7AAC2AA343F900EFD6BB /* ContentView.swift in Sources */ = {isa = PBXBuildFile; fileRef = 5B5C7AAB2AA343F900EFD6BB /* ContentView.swift */; };
		5B5C7AAE2AA343FA00EFD6BB /* Assets.xcassets in Resources */ = {isa = PBXBuildFile; fileRef = 5B5C7AAD2AA343FA00EFD6BB /* Assets.xcassets */; };
		5B5C7AB12AA343FA00EFD6BB /* Preview Assets.xcassets in Resources */ = {isa = PBXBuildFile; fileRef = 5B5C7AB02AA343FA00EFD6BB /* Preview Assets.xcassets */; };
		5B5C7AB82AA345E500EFD6BB /* CardsView.swift in Sources */ = {isa = PBXBuildFile; fileRef = 5B5C7AB72AA345E500EFD6BB /* CardsView.swift */; };
		5B5C7ABB2AA3472800EFD6BB /* CustomBackgroundView.swift in Sources */ = {isa = PBXBuildFile; fileRef = 5B5C7ABA2AA3472800EFD6BB /* CustomBackgroundView.swift */; };
		5B5C7ABE2AA348FC00EFD6BB /* ColorExtension.swift in Sources */ = {isa = PBXBuildFile; fileRef = 5B5C7ABD2AA348FC00EFD6BB /* ColorExtension.swift */; };
		5B5C7AC02AA351E100EFD6BB /* CustomButtonView.swift in Sources */ = {isa = PBXBuildFile; fileRef = 5B5C7ABF2AA351E100EFD6BB /* CustomButtonView.swift */; };
		5B5C7AC22AA359FC00EFD6BB /* GradientButtonStyle.swift in Sources */ = {isa = PBXBuildFile; fileRef = 5B5C7AC12AA359FC00EFD6BB /* GradientButtonStyle.swift */; };
		5B5C7AC42AA368B800EFD6BB /* CustomCircleView.swift in Sources */ = {isa = PBXBuildFile; fileRef = 5B5C7AC32AA368B800EFD6BB /* CustomCircleView.swift */; };
		5B5C7AC62AA36AD900EFD6BB /* MotionAnimationView.swift in Sources */ = {isa = PBXBuildFile; fileRef = 5B5C7AC52AA36AD900EFD6BB /* MotionAnimationView.swift */; };
		5B5C7AC92AA37A4100EFD6BB /* SettingsView.swift in Sources */ = {isa = PBXBuildFile; fileRef = 5B5C7AC82AA37A4100EFD6BB /* SettingsView.swift */; };
		5B5C7ACB2AA3869500EFD6BB /* CustomListRowView.swift in Sources */ = {isa = PBXBuildFile; fileRef = 5B5C7ACA2AA3869500EFD6BB /* CustomListRowView.swift */; };
/* End PBXBuildFile section */

/* Begin PBXFileReference section */
		5B5C7AA62AA343F900EFD6BB /* Hike.app */ = {isa = PBXFileReference; explicitFileType = wrapper.application; includeInIndex = 0; path = Hike.app; sourceTree = BUILT_PRODUCTS_DIR; };
		5B5C7AA92AA343F900EFD6BB /* HikeApp.swift */ = {isa = PBXFileReference; lastKnownFileType = sourcecode.swift; path = HikeApp.swift; sourceTree = "<group>"; };
		5B5C7AAB2AA343F900EFD6BB /* ContentView.swift */ = {isa = PBXFileReference; lastKnownFileType = sourcecode.swift; path = ContentView.swift; sourceTree = "<group>"; };
		5B5C7AAD2AA343FA00EFD6BB /* Assets.xcassets */ = {isa = PBXFileReference; lastKnownFileType = folder.assetcatalog; path = Assets.xcassets; sourceTree = "<group>"; };
		5B5C7AB02AA343FA00EFD6BB /* Preview Assets.xcassets */ = {isa = PBXFileReference; lastKnownFileType = folder.assetcatalog; path = "Preview Assets.xcassets"; sourceTree = "<group>"; };
		5B5C7AB72AA345E500EFD6BB /* CardsView.swift */ = {isa = PBXFileReference; lastKnownFileType = sourcecode.swift; path = CardsView.swift; sourceTree = "<group>"; };
		5B5C7ABA2AA3472800EFD6BB /* CustomBackgroundView.swift */ = {isa = PBXFileReference; lastKnownFileType = sourcecode.swift; path = CustomBackgroundView.swift; sourceTree = "<group>"; };
		5B5C7ABD2AA348FC00EFD6BB /* ColorExtension.swift */ = {isa = PBXFileReference; lastKnownFileType = sourcecode.swift; path = ColorExtension.swift; sourceTree = "<group>"; };
		5B5C7ABF2AA351E100EFD6BB /* CustomButtonView.swift */ = {isa = PBXFileReference; lastKnownFileType = sourcecode.swift; path = CustomButtonView.swift; sourceTree = "<group>"; };
		5B5C7AC12AA359FC00EFD6BB /* GradientButtonStyle.swift */ = {isa = PBXFileReference; lastKnownFileType = sourcecode.swift; path = GradientButtonStyle.swift; sourceTree = "<group>"; };
		5B5C7AC32AA368B800EFD6BB /* CustomCircleView.swift */ = {isa = PBXFileReference; lastKnownFileType = sourcecode.swift; path = CustomCircleView.swift; sourceTree = "<group>"; };
		5B5C7AC52AA36AD900EFD6BB /* MotionAnimationView.swift */ = {isa = PBXFileReference; lastKnownFileType = sourcecode.swift; path = MotionAnimationView.swift; sourceTree = "<group>"; };
		5B5C7AC82AA37A4100EFD6BB /* SettingsView.swift */ = {isa = PBXFileReference; lastKnownFileType = sourcecode.swift; path = SettingsView.swift; sourceTree = "<group>"; };
		5B5C7ACA2AA3869500EFD6BB /* CustomListRowView.swift */ = {isa = PBXFileReference; lastKnownFileType = sourcecode.swift; path = CustomListRowView.swift; sourceTree = "<group>"; };
/* End PBXFileReference section */

/* Begin PBXFrameworksBuildPhase section */
		5B5C7AA32AA343F900EFD6BB /* Frameworks */ = {
			isa = PBXFrameworksBuildPhase;
			buildActionMask = 2147483647;
			files = (
			);
			runOnlyForDeploymentPostprocessing = 0;
		};
/* End PBXFrameworksBuildPhase section */

/* Begin PBXGroup section */
		5B5C7A9D2AA343F900EFD6BB = {
			isa = PBXGroup;
			children = (
				5B5C7AA82AA343F900EFD6BB /* Hike */,
				5B5C7AA72AA343F900EFD6BB /* Products */,
			);
			sourceTree = "<group>";
		};
		5B5C7AA72AA343F900EFD6BB /* Products */ = {
			isa = PBXGroup;
			children = (
				5B5C7AA62AA343F900EFD6BB /* Hike.app */,
			);
			name = Products;
			sourceTree = "<group>";
		};
		5B5C7AA82AA343F900EFD6BB /* Hike */ = {
			isa = PBXGroup;
			children = (
				5B5C7AB92AA3470900EFD6BB /* Component */,
				5B5C7ABC2AA348E700EFD6BB /* Utility */,
				5B5C7AA92AA343F900EFD6BB /* HikeApp.swift */,
				5B5C7AC72AA37A2200EFD6BB /* Screen */,
				5B5C7AAD2AA343FA00EFD6BB /* Assets.xcassets */,
				5B5C7AAF2AA343FA00EFD6BB /* Preview Content */,
			);
			path = Hike;
			sourceTree = "<group>";
		};
		5B5C7AAF2AA343FA00EFD6BB /* Preview Content */ = {
			isa = PBXGroup;
			children = (
				5B5C7AB02AA343FA00EFD6BB /* Preview Assets.xcassets */,
			);
			path = "Preview Content";
			sourceTree = "<group>";
		};
		5B5C7AB92AA3470900EFD6BB /* Component */ = {
			isa = PBXGroup;
			children = (
				5B5C7AB72AA345E500EFD6BB /* CardsView.swift */,
				5B5C7ABA2AA3472800EFD6BB /* CustomBackgroundView.swift */,
				5B5C7ABF2AA351E100EFD6BB /* CustomButtonView.swift */,
				5B5C7AC32AA368B800EFD6BB /* CustomCircleView.swift */,
				5B5C7AC52AA36AD900EFD6BB /* MotionAnimationView.swift */,
				5B5C7ACA2AA3869500EFD6BB /* CustomListRowView.swift */,
			);
			path = Component;
			sourceTree = "<group>";
		};
		5B5C7ABC2AA348E700EFD6BB /* Utility */ = {
			isa = PBXGroup;
			children = (
				5B5C7ABD2AA348FC00EFD6BB /* ColorExtension.swift */,
				5B5C7AC12AA359FC00EFD6BB /* GradientButtonStyle.swift */,
			);
			path = Utility;
			sourceTree = "<group>";
		};
		5B5C7AC72AA37A2200EFD6BB /* Screen */ = {
			isa = PBXGroup;
			children = (
				5B5C7AAB2AA343F900EFD6BB /* ContentView.swift */,
				5B5C7AC82AA37A4100EFD6BB /* SettingsView.swift */,
			);
			path = Screen;
			sourceTree = "<group>";
		};
/* End PBXGroup section */

/* Begin PBXNativeTarget section */
		5B5C7AA52AA343F900EFD6BB /* Hike */ = {
			isa = PBXNativeTarget;
			buildConfigurationList = 5B5C7AB42AA343FA00EFD6BB /* Build configuration list for PBXNativeTarget "Hike" */;
			buildPhases = (
				5B5C7AA22AA343F900EFD6BB /* Sources */,
				5B5C7AA32AA343F900EFD6BB /* Frameworks */,
				5B5C7AA42AA343F900EFD6BB /* Resources */,
			);
			buildRules = (
			);
			dependencies = (
			);
			name = Hike;
			productName = Hike;
			productReference = 5B5C7AA62AA343F900EFD6BB /* Hike.app */;
			productType = "com.apple.product-type.application";
		};
/* End PBXNativeTarget section */

/* Begin PBXProject section */
		5B5C7A9E2AA343F900EFD6BB /* Project object */ = {
			isa = PBXProject;
			attributes = {
				BuildIndependentTargetsInParallel = 1;
				LastSwiftUpdateCheck = 1430;
				LastUpgradeCheck = 1430;
				TargetAttributes = {
					5B5C7AA52AA343F900EFD6BB = {
						CreatedOnToolsVersion = 14.3.1;
					};
				};
			};
			buildConfigurationList = 5B5C7AA12AA343F900EFD6BB /* Build configuration list for PBXProject "Hike" */;
			compatibilityVersion = "Xcode 14.0";
			developmentRegion = en;
			hasScannedForEncodings = 0;
			knownRegions = (
				en,
				Base,
			);
			mainGroup = 5B5C7A9D2AA343F900EFD6BB;
			productRefGroup = 5B5C7AA72AA343F900EFD6BB /* Products */;
			projectDirPath = "";
			projectRoot = "";
			targets = (
				5B5C7AA52AA343F900EFD6BB /* Hike */,
			);
		};
/* End PBXProject section */

/* Begin PBXResourcesBuildPhase section */
		5B5C7AA42AA343F900EFD6BB /* Resources */ = {
			isa = PBXResourcesBuildPhase;
			buildActionMask = 2147483647;
			files = (
				5B5C7AB12AA343FA00EFD6BB /* Preview Assets.xcassets in Resources */,
				5B5C7AAE2AA343FA00EFD6BB /* Assets.xcassets in Resources */,
			);
			runOnlyForDeploymentPostprocessing = 0;
		};
/* End PBXResourcesBuildPhase section */

/* Begin PBXSourcesBuildPhase section */
		5B5C7AA22AA343F900EFD6BB /* Sources */ = {
			isa = PBXSourcesBuildPhase;
			buildActionMask = 2147483647;
			files = (
				5B5C7AB82AA345E500EFD6BB /* CardsView.swift in Sources */,
				5B5C7AC42AA368B800EFD6BB /* CustomCircleView.swift in Sources */,
				5B5C7ACB2AA3869500EFD6BB /* CustomListRowView.swift in Sources */,
				5B5C7AAC2AA343F900EFD6BB /* ContentView.swift in Sources */,
				5B5C7AAA2AA343F900EFD6BB /* HikeApp.swift in Sources */,
				5B5C7AC02AA351E100EFD6BB /* CustomButtonView.swift in Sources */,
				5B5C7AC92AA37A4100EFD6BB /* SettingsView.swift in Sources */,
				5B5C7AC22AA359FC00EFD6BB /* GradientButtonStyle.swift in Sources */,
				5B5C7AC62AA36AD900EFD6BB /* MotionAnimationView.swift in Sources */,
				5B5C7ABB2AA3472800EFD6BB /* CustomBackgroundView.swift in Sources */,
				5B5C7ABE2AA348FC00EFD6BB /* ColorExtension.swift in Sources */,
			);
			runOnlyForDeploymentPostprocessing = 0;
		};
/* End PBXSourcesBuildPhase section */

/* Begin XCBuildConfiguration section */
		5B5C7AB22AA343FA00EFD6BB /* Debug */ = {
			isa = XCBuildConfiguration;
			buildSettings = {
				ALWAYS_SEARCH_USER_PATHS = NO;
				CLANG_ANALYZER_NONNULL = YES;
				CLANG_ANALYZER_NUMBER_OBJECT_CONVERSION = YES_AGGRESSIVE;
				CLANG_CXX_LANGUAGE_STANDARD = "gnu++20";
				CLANG_ENABLE_MODULES = YES;
				CLANG_ENABLE_OBJC_ARC = YES;
				CLANG_ENABLE_OBJC_WEAK = YES;
				CLANG_WARN_BLOCK_CAPTURE_AUTORELEASING = YES;
				CLANG_WARN_BOOL_CONVERSION = YES;
				CLANG_WARN_COMMA = YES;
				CLANG_WARN_CONSTANT_CONVERSION = YES;
				CLANG_WARN_DEPRECATED_OBJC_IMPLEMENTATIONS = YES;
				CLANG_WARN_DIRECT_OBJC_ISA_USAGE = YES_ERROR;
				CLANG_WARN_DOCUMENTATION_COMMENTS = YES;
				CLANG_WARN_EMPTY_BODY = YES;
				CLANG_WARN_ENUM_CONVERSION = YES;
				CLANG_WARN_INFINITE_RECURSION = YES;
				CLANG_WARN_INT_CONVERSION = YES;
				CLANG_WARN_NON_LITERAL_NULL_CONVERSION = YES;
				CLANG_WARN_OBJC_IMPLICIT_RETAIN_SELF = YES;
				CLANG_WARN_OBJC_LITERAL_CONVERSION = YES;
				CLANG_WARN_OBJC_ROOT_CLASS = YES_ERROR;
				CLANG_WARN_QUOTED_INCLUDE_IN_FRAMEWORK_HEADER = YES;
				CLANG_WARN_RANGE_LOOP_ANALYSIS = YES;
				CLANG_WARN_STRICT_PROTOTYPES = YES;
				CLANG_WARN_SUSPICIOUS_MOVE = YES;
				CLANG_WARN_UNGUARDED_AVAILABILITY = YES_AGGRESSIVE;
				CLANG_WARN_UNREACHABLE_CODE = YES;
				CLANG_WARN__DUPLICATE_METHOD_MATCH = YES;
				COPY_PHASE_STRIP = NO;
				DEBUG_INFORMATION_FORMAT = dwarf;
				ENABLE_STRICT_OBJC_MSGSEND = YES;
				ENABLE_TESTABILITY = YES;
				GCC_C_LANGUAGE_STANDARD = gnu11;
				GCC_DYNAMIC_NO_PIC = NO;
				GCC_NO_COMMON_BLOCKS = YES;
				GCC_OPTIMIZATION_LEVEL = 0;
				GCC_PREPROCESSOR_DEFINITIONS = (
					"DEBUG=1",
					"$(inherited)",
				);
				GCC_WARN_64_TO_32_BIT_CONVERSION = YES;
				GCC_WARN_ABOUT_RETURN_TYPE = YES_ERROR;
				GCC_WARN_UNDECLARED_SELECTOR = YES;
				GCC_WARN_UNINITIALIZED_AUTOS = YES_AGGRESSIVE;
				GCC_WARN_UNUSED_FUNCTION = YES;
				GCC_WARN_UNUSED_VARIABLE = YES;
				IPHONEOS_DEPLOYMENT_TARGET = 16.4;
				MTL_ENABLE_DEBUG_INFO = INCLUDE_SOURCE;
				MTL_FAST_MATH = YES;
				ONLY_ACTIVE_ARCH = YES;
				SDKROOT = iphoneos;
				SWIFT_ACTIVE_COMPILATION_CONDITIONS = DEBUG;
				SWIFT_OPTIMIZATION_LEVEL = "-Onone";
			};
			name = Debug;
		};
		5B5C7AB32AA343FA00EFD6BB /* Release */ = {
			isa = XCBuildConfiguration;
			buildSettings = {
				ALWAYS_SEARCH_USER_PATHS = NO;
				CLANG_ANALYZER_NONNULL = YES;
				CLANG_ANALYZER_NUMBER_OBJECT_CONVERSION = YES_AGGRESSIVE;
				CLANG_CXX_LANGUAGE_STANDARD = "gnu++20";
				CLANG_ENABLE_MODULES = YES;
				CLANG_ENABLE_OBJC_ARC = YES;
				CLANG_ENABLE_OBJC_WEAK = YES;
				CLANG_WARN_BLOCK_CAPTURE_AUTORELEASING = YES;
				CLANG_WARN_BOOL_CONVERSION = YES;
				CLANG_WARN_COMMA = YES;
				CLANG_WARN_CONSTANT_CONVERSION = YES;
				CLANG_WARN_DEPRECATED_OBJC_IMPLEMENTATIONS = YES;
				CLANG_WARN_DIRECT_OBJC_ISA_USAGE = YES_ERROR;
				CLANG_WARN_DOCUMENTATION_COMMENTS = YES;
				CLANG_WARN_EMPTY_BODY = YES;
				CLANG_WARN_ENUM_CONVERSION = YES;
				CLANG_WARN_INFINITE_RECURSION = YES;
				CLANG_WARN_INT_CONVERSION = YES;
				CLANG_WARN_NON_LITERAL_NULL_CONVERSION = YES;
				CLANG_WARN_OBJC_IMPLICIT_RETAIN_SELF = YES;
				CLANG_WARN_OBJC_LITERAL_CONVERSION = YES;
				CLANG_WARN_OBJC_ROOT_CLASS = YES_ERROR;
				CLANG_WARN_QUOTED_INCLUDE_IN_FRAMEWORK_HEADER = YES;
				CLANG_WARN_RANGE_LOOP_ANALYSIS = YES;
				CLANG_WARN_STRICT_PROTOTYPES = YES;
				CLANG_WARN_SUSPICIOUS_MOVE = YES;
				CLANG_WARN_UNGUARDED_AVAILABILITY = YES_AGGRESSIVE;
				CLANG_WARN_UNREACHABLE_CODE = YES;
				CLANG_WARN__DUPLICATE_METHOD_MATCH = YES;
				COPY_PHASE_STRIP = NO;
				DEBUG_INFORMATION_FORMAT = "dwarf-with-dsym";
				ENABLE_NS_ASSERTIONS = NO;
				ENABLE_STRICT_OBJC_MSGSEND = YES;
				GCC_C_LANGUAGE_STANDARD = gnu11;
				GCC_NO_COMMON_BLOCKS = YES;
				GCC_WARN_64_TO_32_BIT_CONVERSION = YES;
				GCC_WARN_ABOUT_RETURN_TYPE = YES_ERROR;
				GCC_WARN_UNDECLARED_SELECTOR = YES;
				GCC_WARN_UNINITIALIZED_AUTOS = YES_AGGRESSIVE;
				GCC_WARN_UNUSED_FUNCTION = YES;
				GCC_WARN_UNUSED_VARIABLE = YES;
				IPHONEOS_DEPLOYMENT_TARGET = 16.4;
				MTL_ENABLE_DEBUG_INFO = NO;
				MTL_FAST_MATH = YES;
				SDKROOT = iphoneos;
				SWIFT_COMPILATION_MODE = wholemodule;
				SWIFT_OPTIMIZATION_LEVEL = "-O";
				VALIDATE_PRODUCT = YES;
			};
			name = Release;
		};
		5B5C7AB52AA343FA00EFD6BB /* Debug */ = {
			isa = XCBuildConfiguration;
			buildSettings = {
				ASSETCATALOG_COMPILER_ALTERNATE_APPICON_NAMES = "AppIcon-MagnifyingGlass AppIcon-Map AppIcon-Camera AppIcon-Mushroom AppIcon-Campfire AppIcon-Backpack";
				ASSETCATALOG_COMPILER_APPICON_NAME = AppIcon;
				ASSETCATALOG_COMPILER_GLOBAL_ACCENT_COLOR_NAME = AccentColor;
				ASSETCATALOG_COMPILER_INCLUDE_ALL_APPICON_ASSETS = YES;
				CODE_SIGN_STYLE = Automatic;
				CURRENT_PROJECT_VERSION = 1;
				DEVELOPMENT_ASSET_PATHS = "\"Hike/Preview Content\"";
				DEVELOPMENT_TEAM = 8CUV75B9C7;
				ENABLE_PREVIEWS = YES;
				GENERATE_INFOPLIST_FILE = YES;
				INFOPLIST_KEY_UIApplicationSceneManifest_Generation = YES;
				INFOPLIST_KEY_UIApplicationSupportsIndirectInputEvents = YES;
				INFOPLIST_KEY_UILaunchScreen_Generation = YES;
				INFOPLIST_KEY_UISupportedInterfaceOrientations_iPad = "UIInterfaceOrientationPortrait UIInterfaceOrientationPortraitUpsideDown UIInterfaceOrientationLandscapeLeft UIInterfaceOrientationLandscapeRight";
				INFOPLIST_KEY_UISupportedInterfaceOrientations_iPhone = "UIInterfaceOrientationPortrait UIInterfaceOrientationLandscapeLeft UIInterfaceOrientationLandscapeRight";
				LD_RUNPATH_SEARCH_PATHS = (
					"$(inherited)",
					"@executable_path/Frameworks",
				);
				MARKETING_VERSION = 1.0;
				PRODUCT_BUNDLE_IDENTIFIER = com.zekibaklan.Hike;
				PRODUCT_NAME = "$(TARGET_NAME)";
				SWIFT_EMIT_LOC_STRINGS = YES;
				SWIFT_VERSION = 5.0;
				TARGETED_DEVICE_FAMILY = "1,2";
			};
			name = Debug;
		};
		5B5C7AB62AA343FA00EFD6BB /* Release */ = {
			isa = XCBuildConfiguration;
			buildSettings = {
				ASSETCATALOG_COMPILER_ALTERNATE_APPICON_NAMES = "AppIcon-MagnifyingGlass AppIcon-Map AppIcon-Camera AppIcon-Mushroom AppIcon-Campfire AppIcon-Backpack";
				ASSETCATALOG_COMPILER_APPICON_NAME = AppIcon;
				ASSETCATALOG_COMPILER_GLOBAL_ACCENT_COLOR_NAME = AccentColor;
				ASSETCATALOG_COMPILER_INCLUDE_ALL_APPICON_ASSETS = YES;
				CODE_SIGN_STYLE = Automatic;
				CURRENT_PROJECT_VERSION = 1;
				DEVELOPMENT_ASSET_PATHS = "\"Hike/Preview Content\"";
				DEVELOPMENT_TEAM = 8CUV75B9C7;
				ENABLE_PREVIEWS = YES;
				GENERATE_INFOPLIST_FILE = YES;
				INFOPLIST_KEY_UIApplicationSceneManifest_Generation = YES;
				INFOPLIST_KEY_UIApplicationSupportsIndirectInputEvents = YES;
				INFOPLIST_KEY_UILaunchScreen_Generation = YES;
				INFOPLIST_KEY_UISupportedInterfaceOrientations_iPad = "UIInterfaceOrientationPortrait UIInterfaceOrientationPortraitUpsideDown UIInterfaceOrientationLandscapeLeft UIInterfaceOrientationLandscapeRight";
				INFOPLIST_KEY_UISupportedInterfaceOrientations_iPhone = "UIInterfaceOrientationPortrait UIInterfaceOrientationLandscapeLeft UIInterfaceOrientationLandscapeRight";
				LD_RUNPATH_SEARCH_PATHS = (
					"$(inherited)",
					"@executable_path/Frameworks",
				);
				MARKETING_VERSION = 1.0;
				PRODUCT_BUNDLE_IDENTIFIER = com.zekibaklan.Hike;
				PRODUCT_NAME = "$(TARGET_NAME)";
				SWIFT_EMIT_LOC_STRINGS = YES;
				SWIFT_VERSION = 5.0;
				TARGETED_DEVICE_FAMILY = "1,2";
			};
			name = Release;
		};
/* End XCBuildConfiguration section */

/* Begin XCConfigurationList section */
		5B5C7AA12AA343F900EFD6BB /* Build configuration list for PBXProject "Hike" */ = {
			isa = XCConfigurationList;
			buildConfigurations = (
				5B5C7AB22AA343FA00EFD6BB /* Debug */,
				5B5C7AB32AA343FA00EFD6BB /* Release */,
			);
			defaultConfigurationIsVisible = 0;
			defaultConfigurationName = Release;
		};
		5B5C7AB42AA343FA00EFD6BB /* Build configuration list for PBXNativeTarget "Hike" */ = {
			isa = XCConfigurationList;
			buildConfigurations = (
				5B5C7AB52AA343FA00EFD6BB /* Debug */,
				5B5C7AB62AA343FA00EFD6BB /* Release */,
			);
			defaultConfigurationIsVisible = 0;
			defaultConfigurationName = Release;
		};
/* End XCConfigurationList section */
	};
	rootObject = 5B5C7A9E2AA343F900EFD6BB /* Project object */;
}
